// !$*UTF8*$!
{
	archiveVersion = 1;
	classes = {
	};
	objectVersion = 56;
	objects = {

/* Begin PBXBuildFile section */
		BE6B629B2980DAAE00654BC2 /* FeedController.swift in Sources */ = {isa = PBXBuildFile; fileRef = BE6B629A2980DAAE00654BC2 /* FeedController.swift */; };
		BE6B629D2980DB2B00654BC2 /* ExploreController.swift in Sources */ = {isa = PBXBuildFile; fileRef = BE6B629C2980DB2B00654BC2 /* ExploreController.swift */; };
		BE6B629F2980DBB500654BC2 /* NotificationsController.swift in Sources */ = {isa = PBXBuildFile; fileRef = BE6B629E2980DBB500654BC2 /* NotificationsController.swift */; };
		BE6B62A12980DBFF00654BC2 /* ConversationsController.swift in Sources */ = {isa = PBXBuildFile; fileRef = BE6B62A02980DBFF00654BC2 /* ConversationsController.swift */; };
		BEA715D02981DC01001676A8 /* Extensions.swift in Sources */ = {isa = PBXBuildFile; fileRef = BEA715CF2981DC01001676A8 /* Extensions.swift */; };
		BEA715D32981EE8F001676A8 /* LoginController.swift in Sources */ = {isa = PBXBuildFile; fileRef = BEA715D22981EE8F001676A8 /* LoginController.swift */; };
		BEE599D4297F9F7800518557 /* AppDelegate.swift in Sources */ = {isa = PBXBuildFile; fileRef = BEE599D3297F9F7800518557 /* AppDelegate.swift */; };
		BEE599D6297F9F7800518557 /* SceneDelegate.swift in Sources */ = {isa = PBXBuildFile; fileRef = BEE599D5297F9F7800518557 /* SceneDelegate.swift */; };
		BEE599DD297F9F7C00518557 /* Assets.xcassets in Resources */ = {isa = PBXBuildFile; fileRef = BEE599DC297F9F7C00518557 /* Assets.xcassets */; };
		BEE599E0297F9F7C00518557 /* LaunchScreen.storyboard in Resources */ = {isa = PBXBuildFile; fileRef = BEE599DE297F9F7C00518557 /* LaunchScreen.storyboard */; };
		BEE599F4297FA47B00518557 /* MainTabController.swift in Sources */ = {isa = PBXBuildFile; fileRef = BEE599F3297FA47B00518557 /* MainTabController.swift */; };
/* End PBXBuildFile section */

/* Begin PBXFileReference section */
		BE6B629A2980DAAE00654BC2 /* FeedController.swift */ = {isa = PBXFileReference; lastKnownFileType = sourcecode.swift; path = FeedController.swift; sourceTree = "<group>"; };
		BE6B629C2980DB2B00654BC2 /* ExploreController.swift */ = {isa = PBXFileReference; lastKnownFileType = sourcecode.swift; path = ExploreController.swift; sourceTree = "<group>"; };
		BE6B629E2980DBB500654BC2 /* NotificationsController.swift */ = {isa = PBXFileReference; lastKnownFileType = sourcecode.swift; path = NotificationsController.swift; sourceTree = "<group>"; };
		BE6B62A02980DBFF00654BC2 /* ConversationsController.swift */ = {isa = PBXFileReference; lastKnownFileType = sourcecode.swift; path = ConversationsController.swift; sourceTree = "<group>"; };
		BEA715CF2981DC01001676A8 /* Extensions.swift */ = {isa = PBXFileReference; lastKnownFileType = sourcecode.swift; path = Extensions.swift; sourceTree = "<group>"; };
		BEA715D22981EE8F001676A8 /* LoginController.swift */ = {isa = PBXFileReference; lastKnownFileType = sourcecode.swift; path = LoginController.swift; sourceTree = "<group>"; };
		BEE599D0297F9F7800518557 /* TwitterTutorial.app */ = {isa = PBXFileReference; explicitFileType = wrapper.application; includeInIndex = 0; path = TwitterTutorial.app; sourceTree = BUILT_PRODUCTS_DIR; };
		BEE599D3297F9F7800518557 /* AppDelegate.swift */ = {isa = PBXFileReference; lastKnownFileType = sourcecode.swift; path = AppDelegate.swift; sourceTree = "<group>"; };
		BEE599D5297F9F7800518557 /* SceneDelegate.swift */ = {isa = PBXFileReference; lastKnownFileType = sourcecode.swift; path = SceneDelegate.swift; sourceTree = "<group>"; };
		BEE599DC297F9F7C00518557 /* Assets.xcassets */ = {isa = PBXFileReference; lastKnownFileType = folder.assetcatalog; path = Assets.xcassets; sourceTree = "<group>"; };
		BEE599DF297F9F7C00518557 /* Base */ = {isa = PBXFileReference; lastKnownFileType = file.storyboard; name = Base; path = Base.lproj/LaunchScreen.storyboard; sourceTree = "<group>"; };
		BEE599E1297F9F7C00518557 /* Info.plist */ = {isa = PBXFileReference; lastKnownFileType = text.plist.xml; path = Info.plist; sourceTree = "<group>"; };
		BEE599F3297FA47B00518557 /* MainTabController.swift */ = {isa = PBXFileReference; lastKnownFileType = sourcecode.swift; path = MainTabController.swift; sourceTree = "<group>"; };
/* End PBXFileReference section */

/* Begin PBXFrameworksBuildPhase section */
		BEE599CD297F9F7800518557 /* Frameworks */ = {
			isa = PBXFrameworksBuildPhase;
			buildActionMask = 2147483647;
			files = (
			);
			runOnlyForDeploymentPostprocessing = 0;
		};
/* End PBXFrameworksBuildPhase section */

/* Begin PBXGroup section */
		BEA715D12981EE79001676A8 /* Authentication */ = {
			isa = PBXGroup;
			children = (
				BEA715D22981EE8F001676A8 /* LoginController.swift */,
			);
			path = Authentication;
			sourceTree = "<group>";
		};
		BEE599C7297F9F7800518557 = {
			isa = PBXGroup;
			children = (
				BEE599D2297F9F7800518557 /* TwitterTutorial */,
				BEE599D1297F9F7800518557 /* Products */,
			);
			sourceTree = "<group>";
		};
		BEE599D1297F9F7800518557 /* Products */ = {
			isa = PBXGroup;
			children = (
				BEE599D0297F9F7800518557 /* TwitterTutorial.app */,
			);
			name = Products;
			sourceTree = "<group>";
		};
		BEE599D2297F9F7800518557 /* TwitterTutorial */ = {
			isa = PBXGroup;
			children = (
				BEE599F2297FA21600518557 /* Model */,
				BEE599F1297FA21200518557 /* View */,
				BEE599F0297FA20E00518557 /* ViewModel */,
				BEE599EF297FA20A00518557 /* Controller */,
				BEE599EE297FA20700518557 /* API */,
				BEE599ED297FA20400518557 /* Utils */,
				BEE599D3297F9F7800518557 /* AppDelegate.swift */,
				BEE599D5297F9F7800518557 /* SceneDelegate.swift */,
				BEE599DC297F9F7C00518557 /* Assets.xcassets */,
				BEE599DE297F9F7C00518557 /* LaunchScreen.storyboard */,
				BEE599E1297F9F7C00518557 /* Info.plist */,
			);
			path = TwitterTutorial;
			sourceTree = "<group>";
		};
		BEE599ED297FA20400518557 /* Utils */ = {
			isa = PBXGroup;
			children = (
				BEA715CF2981DC01001676A8 /* Extensions.swift */,
			);
			path = Utils;
			sourceTree = "<group>";
		};
		BEE599EE297FA20700518557 /* API */ = {
			isa = PBXGroup;
			children = (
			);
			path = API;
			sourceTree = "<group>";
		};
		BEE599EF297FA20A00518557 /* Controller */ = {
			isa = PBXGroup;
			children = (
				BEA715D12981EE79001676A8 /* Authentication */,
				BEE599F3297FA47B00518557 /* MainTabController.swift */,
				BE6B629A2980DAAE00654BC2 /* FeedController.swift */,
				BE6B629C2980DB2B00654BC2 /* ExploreController.swift */,
				BE6B629E2980DBB500654BC2 /* NotificationsController.swift */,
				BE6B62A02980DBFF00654BC2 /* ConversationsController.swift */,
			);
			path = Controller;
			sourceTree = "<group>";
		};
		BEE599F0297FA20E00518557 /* ViewModel */ = {
			isa = PBXGroup;
			children = (
			);
			path = ViewModel;
			sourceTree = "<group>";
		};
		BEE599F1297FA21200518557 /* View */ = {
			isa = PBXGroup;
			children = (
			);
			path = View;
			sourceTree = "<group>";
		};
		BEE599F2297FA21600518557 /* Model */ = {
			isa = PBXGroup;
			children = (
			);
			path = Model;
			sourceTree = "<group>";
		};
/* End PBXGroup section */

/* Begin PBXNativeTarget section */
		BEE599CF297F9F7800518557 /* TwitterTutorial */ = {
			isa = PBXNativeTarget;
			buildConfigurationList = BEE599E4297F9F7C00518557 /* Build configuration list for PBXNativeTarget "TwitterTutorial" */;
			buildPhases = (
				BEE599CC297F9F7800518557 /* Sources */,
				BEE599CD297F9F7800518557 /* Frameworks */,
				BEE599CE297F9F7800518557 /* Resources */,
			);
			buildRules = (
			);
			dependencies = (
			);
			name = TwitterTutorial;
			productName = TwitterTutorial;
			productReference = BEE599D0297F9F7800518557 /* TwitterTutorial.app */;
			productType = "com.apple.product-type.application";
		};
/* End PBXNativeTarget section */

/* Begin PBXProject section */
		BEE599C8297F9F7800518557 /* Project object */ = {
			isa = PBXProject;
			attributes = {
				BuildIndependentTargetsInParallel = 1;
				LastSwiftUpdateCheck = 1420;
				LastUpgradeCheck = 1420;
				TargetAttributes = {
					BEE599CF297F9F7800518557 = {
						CreatedOnToolsVersion = 14.2;
					};
				};
			};
			buildConfigurationList = BEE599CB297F9F7800518557 /* Build configuration list for PBXProject "TwitterTutorial" */;
			compatibilityVersion = "Xcode 14.0";
			developmentRegion = en;
			hasScannedForEncodings = 0;
			knownRegions = (
				en,
				Base,
			);
			mainGroup = BEE599C7297F9F7800518557;
			productRefGroup = BEE599D1297F9F7800518557 /* Products */;
			projectDirPath = "";
			projectRoot = "";
			targets = (
				BEE599CF297F9F7800518557 /* TwitterTutorial */,
			);
		};
/* End PBXProject section */

/* Begin PBXResourcesBuildPhase section */
		BEE599CE297F9F7800518557 /* Resources */ = {
			isa = PBXResourcesBuildPhase;
			buildActionMask = 2147483647;
			files = (
				BEE599E0297F9F7C00518557 /* LaunchScreen.storyboard in Resources */,
				BEE599DD297F9F7C00518557 /* Assets.xcassets in Resources */,
			);
			runOnlyForDeploymentPostprocessing = 0;
		};
/* End PBXResourcesBuildPhase section */

/* Begin PBXSourcesBuildPhase section */
		BEE599CC297F9F7800518557 /* Sources */ = {
			isa = PBXSourcesBuildPhase;
			buildActionMask = 2147483647;
			files = (
				BE6B629F2980DBB500654BC2 /* NotificationsController.swift in Sources */,
				BE6B62A12980DBFF00654BC2 /* ConversationsController.swift in Sources */,
				BEE599D4297F9F7800518557 /* AppDelegate.swift in Sources */,
				BEA715D02981DC01001676A8 /* Extensions.swift in Sources */,
				BE6B629D2980DB2B00654BC2 /* ExploreController.swift in Sources */,
				BEE599D6297F9F7800518557 /* SceneDelegate.swift in Sources */,
				BEE599F4297FA47B00518557 /* MainTabController.swift in Sources */,
				BEA715D32981EE8F001676A8 /* LoginController.swift in Sources */,
				BE6B629B2980DAAE00654BC2 /* FeedController.swift in Sources */,
			);
			runOnlyForDeploymentPostprocessing = 0;
		};
/* End PBXSourcesBuildPhase section */

/* Begin PBXVariantGroup section */
		BEE599DE297F9F7C00518557 /* LaunchScreen.storyboard */ = {
			isa = PBXVariantGroup;
			children = (
				BEE599DF297F9F7C00518557 /* Base */,
			);
			name = LaunchScreen.storyboard;
			sourceTree = "<group>";
		};
/* End PBXVariantGroup section */

/* Begin XCBuildConfiguration section */
		BEE599E2297F9F7C00518557 /* Debug */ = {
			isa = XCBuildConfiguration;
			buildSettings = {
				ALWAYS_SEARCH_USER_PATHS = NO;
				CLANG_ANALYZER_NONNULL = YES;
				CLANG_ANALYZER_NUMBER_OBJECT_CONVERSION = YES_AGGRESSIVE;
				CLANG_CXX_LANGUAGE_STANDARD = "gnu++20";
				CLANG_ENABLE_MODULES = YES;
				CLANG_ENABLE_OBJC_ARC = YES;
				CLANG_ENABLE_OBJC_WEAK = YES;
				CLANG_WARN_BLOCK_CAPTURE_AUTORELEASING = YES;
				CLANG_WARN_BOOL_CONVERSION = YES;
				CLANG_WARN_COMMA = YES;
				CLANG_WARN_CONSTANT_CONVERSION = YES;
				CLANG_WARN_DEPRECATED_OBJC_IMPLEMENTATIONS = YES;
				CLANG_WARN_DIRECT_OBJC_ISA_USAGE = YES_ERROR;
				CLANG_WARN_DOCUMENTATION_COMMENTS = YES;
				CLANG_WARN_EMPTY_BODY = YES;
				CLANG_WARN_ENUM_CONVERSION = YES;
				CLANG_WARN_INFINITE_RECURSION = YES;
				CLANG_WARN_INT_CONVERSION = YES;
				CLANG_WARN_NON_LITERAL_NULL_CONVERSION = YES;
				CLANG_WARN_OBJC_IMPLICIT_RETAIN_SELF = YES;
				CLANG_WARN_OBJC_LITERAL_CONVERSION = YES;
				CLANG_WARN_OBJC_ROOT_CLASS = YES_ERROR;
				CLANG_WARN_QUOTED_INCLUDE_IN_FRAMEWORK_HEADER = YES;
				CLANG_WARN_RANGE_LOOP_ANALYSIS = YES;
				CLANG_WARN_STRICT_PROTOTYPES = YES;
				CLANG_WARN_SUSPICIOUS_MOVE = YES;
				CLANG_WARN_UNGUARDED_AVAILABILITY = YES_AGGRESSIVE;
				CLANG_WARN_UNREACHABLE_CODE = YES;
				CLANG_WARN__DUPLICATE_METHOD_MATCH = YES;
				COPY_PHASE_STRIP = NO;
				DEBUG_INFORMATION_FORMAT = dwarf;
				ENABLE_STRICT_OBJC_MSGSEND = YES;
				ENABLE_TESTABILITY = YES;
				GCC_C_LANGUAGE_STANDARD = gnu11;
				GCC_DYNAMIC_NO_PIC = NO;
				GCC_NO_COMMON_BLOCKS = YES;
				GCC_OPTIMIZATION_LEVEL = 0;
				GCC_PREPROCESSOR_DEFINITIONS = (
					"DEBUG=1",
					"$(inherited)",
				);
				GCC_WARN_64_TO_32_BIT_CONVERSION = YES;
				GCC_WARN_ABOUT_RETURN_TYPE = YES_ERROR;
				GCC_WARN_UNDECLARED_SELECTOR = YES;
				GCC_WARN_UNINITIALIZED_AUTOS = YES_AGGRESSIVE;
				GCC_WARN_UNUSED_FUNCTION = YES;
				GCC_WARN_UNUSED_VARIABLE = YES;
				IPHONEOS_DEPLOYMENT_TARGET = 16.2;
				MTL_ENABLE_DEBUG_INFO = INCLUDE_SOURCE;
				MTL_FAST_MATH = YES;
				ONLY_ACTIVE_ARCH = YES;
				SDKROOT = iphoneos;
				SWIFT_ACTIVE_COMPILATION_CONDITIONS = DEBUG;
				SWIFT_OPTIMIZATION_LEVEL = "-Onone";
			};
			name = Debug;
		};
		BEE599E3297F9F7C00518557 /* Release */ = {
			isa = XCBuildConfiguration;
			buildSettings = {
				ALWAYS_SEARCH_USER_PATHS = NO;
				CLANG_ANALYZER_NONNULL = YES;
				CLANG_ANALYZER_NUMBER_OBJECT_CONVERSION = YES_AGGRESSIVE;
				CLANG_CXX_LANGUAGE_STANDARD = "gnu++20";
				CLANG_ENABLE_MODULES = YES;
				CLANG_ENABLE_OBJC_ARC = YES;
				CLANG_ENABLE_OBJC_WEAK = YES;
				CLANG_WARN_BLOCK_CAPTURE_AUTORELEASING = YES;
				CLANG_WARN_BOOL_CONVERSION = YES;
				CLANG_WARN_COMMA = YES;
				CLANG_WARN_CONSTANT_CONVERSION = YES;
				CLANG_WARN_DEPRECATED_OBJC_IMPLEMENTATIONS = YES;
				CLANG_WARN_DIRECT_OBJC_ISA_USAGE = YES_ERROR;
				CLANG_WARN_DOCUMENTATION_COMMENTS = YES;
				CLANG_WARN_EMPTY_BODY = YES;
				CLANG_WARN_ENUM_CONVERSION = YES;
				CLANG_WARN_INFINITE_RECURSION = YES;
				CLANG_WARN_INT_CONVERSION = YES;
				CLANG_WARN_NON_LITERAL_NULL_CONVERSION = YES;
				CLANG_WARN_OBJC_IMPLICIT_RETAIN_SELF = YES;
				CLANG_WARN_OBJC_LITERAL_CONVERSION = YES;
				CLANG_WARN_OBJC_ROOT_CLASS = YES_ERROR;
				CLANG_WARN_QUOTED_INCLUDE_IN_FRAMEWORK_HEADER = YES;
				CLANG_WARN_RANGE_LOOP_ANALYSIS = YES;
				CLANG_WARN_STRICT_PROTOTYPES = YES;
				CLANG_WARN_SUSPICIOUS_MOVE = YES;
				CLANG_WARN_UNGUARDED_AVAILABILITY = YES_AGGRESSIVE;
				CLANG_WARN_UNREACHABLE_CODE = YES;
				CLANG_WARN__DUPLICATE_METHOD_MATCH = YES;
				COPY_PHASE_STRIP = NO;
				DEBUG_INFORMATION_FORMAT = "dwarf-with-dsym";
				ENABLE_NS_ASSERTIONS = NO;
				ENABLE_STRICT_OBJC_MSGSEND = YES;
				GCC_C_LANGUAGE_STANDARD = gnu11;
				GCC_NO_COMMON_BLOCKS = YES;
				GCC_WARN_64_TO_32_BIT_CONVERSION = YES;
				GCC_WARN_ABOUT_RETURN_TYPE = YES_ERROR;
				GCC_WARN_UNDECLARED_SELECTOR = YES;
				GCC_WARN_UNINITIALIZED_AUTOS = YES_AGGRESSIVE;
				GCC_WARN_UNUSED_FUNCTION = YES;
				GCC_WARN_UNUSED_VARIABLE = YES;
				IPHONEOS_DEPLOYMENT_TARGET = 16.2;
				MTL_ENABLE_DEBUG_INFO = NO;
				MTL_FAST_MATH = YES;
				SDKROOT = iphoneos;
				SWIFT_COMPILATION_MODE = wholemodule;
				SWIFT_OPTIMIZATION_LEVEL = "-O";
				VALIDATE_PRODUCT = YES;
			};
			name = Release;
		};
		BEE599E5297F9F7C00518557 /* Debug */ = {
			isa = XCBuildConfiguration;
			buildSettings = {
				ASSETCATALOG_COMPILER_APPICON_NAME = AppIcon;
				ASSETCATALOG_COMPILER_GLOBAL_ACCENT_COLOR_NAME = AccentColor;
				CODE_SIGN_STYLE = Automatic;
				CURRENT_PROJECT_VERSION = 1;
				DEVELOPMENT_TEAM = 324Y82FCZ3;
				GENERATE_INFOPLIST_FILE = YES;
				INFOPLIST_FILE = TwitterTutorial/Info.plist;
				INFOPLIST_KEY_UIApplicationSupportsIndirectInputEvents = YES;
				INFOPLIST_KEY_UILaunchStoryboardName = LaunchScreen;
				INFOPLIST_KEY_UISupportedInterfaceOrientations_iPad = "UIInterfaceOrientationPortrait UIInterfaceOrientationPortraitUpsideDown UIInterfaceOrientationLandscapeLeft UIInterfaceOrientationLandscapeRight";
				INFOPLIST_KEY_UISupportedInterfaceOrientations_iPhone = "UIInterfaceOrientationPortrait UIInterfaceOrientationLandscapeLeft UIInterfaceOrientationLandscapeRight";
				LD_RUNPATH_SEARCH_PATHS = (
					"$(inherited)",
					"@executable_path/Frameworks",
				);
				MARKETING_VERSION = 1.0;
				PRODUCT_BUNDLE_IDENTIFIER = com.josegarcia.TwitterTutorial;
				PRODUCT_NAME = "$(TARGET_NAME)";
				SWIFT_EMIT_LOC_STRINGS = YES;
				SWIFT_VERSION = 5.0;
				TARGETED_DEVICE_FAMILY = "1,2";
			};
			name = Debug;
		};
		BEE599E6297F9F7C00518557 /* Release */ = {
			isa = XCBuildConfiguration;
			buildSettings = {
				ASSETCATALOG_COMPILER_APPICON_NAME = AppIcon;
				ASSETCATALOG_COMPILER_GLOBAL_ACCENT_COLOR_NAME = AccentColor;
				CODE_SIGN_STYLE = Automatic;
				CURRENT_PROJECT_VERSION = 1;
				DEVELOPMENT_TEAM = 324Y82FCZ3;
				GENERATE_INFOPLIST_FILE = YES;
				INFOPLIST_FILE = TwitterTutorial/Info.plist;
				INFOPLIST_KEY_UIApplicationSupportsIndirectInputEvents = YES;
				INFOPLIST_KEY_UILaunchStoryboardName = LaunchScreen;
				INFOPLIST_KEY_UISupportedInterfaceOrientations_iPad = "UIInterfaceOrientationPortrait UIInterfaceOrientationPortraitUpsideDown UIInterfaceOrientationLandscapeLeft UIInterfaceOrientationLandscapeRight";
				INFOPLIST_KEY_UISupportedInterfaceOrientations_iPhone = "UIInterfaceOrientationPortrait UIInterfaceOrientationLandscapeLeft UIInterfaceOrientationLandscapeRight";
				LD_RUNPATH_SEARCH_PATHS = (
					"$(inherited)",
					"@executable_path/Frameworks",
				);
				MARKETING_VERSION = 1.0;
				PRODUCT_BUNDLE_IDENTIFIER = com.josegarcia.TwitterTutorial;
				PRODUCT_NAME = "$(TARGET_NAME)";
				SWIFT_EMIT_LOC_STRINGS = YES;
				SWIFT_VERSION = 5.0;
				TARGETED_DEVICE_FAMILY = "1,2";
			};
			name = Release;
		};
/* End XCBuildConfiguration section */

/* Begin XCConfigurationList section */
		BEE599CB297F9F7800518557 /* Build configuration list for PBXProject "TwitterTutorial" */ = {
			isa = XCConfigurationList;
			buildConfigurations = (
				BEE599E2297F9F7C00518557 /* Debug */,
				BEE599E3297F9F7C00518557 /* Release */,
			);
			defaultConfigurationIsVisible = 0;
			defaultConfigurationName = Release;
		};
		BEE599E4297F9F7C00518557 /* Build configuration list for PBXNativeTarget "TwitterTutorial" */ = {
			isa = XCConfigurationList;
			buildConfigurations = (
				BEE599E5297F9F7C00518557 /* Debug */,
				BEE599E6297F9F7C00518557 /* Release */,
			);
			defaultConfigurationIsVisible = 0;
			defaultConfigurationName = Release;
		};
/* End XCConfigurationList section */
	};
	rootObject = BEE599C8297F9F7800518557 /* Project object */;
}
