// !$*UTF8*$!
{
	archiveVersion = 1;
	classes = {
	};
	objectVersion = 56;
	objects = {

/* Begin PBXBuildFile section */
		BE12EF602994848D00B37938 /* TweetController.swift in Sources */ = {isa = PBXBuildFile; fileRef = BE12EF5F2994848D00B37938 /* TweetController.swift */; };
		BE12EF622994A0D500B37938 /* TweetHeader.swift in Sources */ = {isa = PBXBuildFile; fileRef = BE12EF612994A0D500B37938 /* TweetHeader.swift */; };
		BE28C66129A6C1B100252AB3 /* EditProfileController.swift in Sources */ = {isa = PBXBuildFile; fileRef = BE28C66029A6C1B100252AB3 /* EditProfileController.swift */; };
		BE28C66429A738F500252AB3 /* EditProfileHeader.swift in Sources */ = {isa = PBXBuildFile; fileRef = BE28C66329A738F500252AB3 /* EditProfileHeader.swift */; };
		BE295512298D99CD00BE8BF0 /* ProfileFilterView.swift in Sources */ = {isa = PBXBuildFile; fileRef = BE295511298D99CD00BE8BF0 /* ProfileFilterView.swift */; };
		BE295514298DD31A00BE8BF0 /* ProfileFilterCell.swift in Sources */ = {isa = PBXBuildFile; fileRef = BE295513298DD31A00BE8BF0 /* ProfileFilterCell.swift */; };
		BE446EDD298A11B900276981 /* CaptionTextView.swift in Sources */ = {isa = PBXBuildFile; fileRef = BE446EDC298A11B900276981 /* CaptionTextView.swift */; };
		BE446EDF298A205400276981 /* TweetService.swift in Sources */ = {isa = PBXBuildFile; fileRef = BE446EDE298A205400276981 /* TweetService.swift */; };
		BE446EE1298A2A4700276981 /* Tweet.swift in Sources */ = {isa = PBXBuildFile; fileRef = BE446EE0298A2A4700276981 /* Tweet.swift */; };
		BE6B629B2980DAAE00654BC2 /* FeedController.swift in Sources */ = {isa = PBXBuildFile; fileRef = BE6B629A2980DAAE00654BC2 /* FeedController.swift */; };
		BE6B629D2980DB2B00654BC2 /* ExploreController.swift in Sources */ = {isa = PBXBuildFile; fileRef = BE6B629C2980DB2B00654BC2 /* ExploreController.swift */; };
		BE6B629F2980DBB500654BC2 /* NotificationsController.swift in Sources */ = {isa = PBXBuildFile; fileRef = BE6B629E2980DBB500654BC2 /* NotificationsController.swift */; };
		BE6B62A12980DBFF00654BC2 /* ConversationsController.swift in Sources */ = {isa = PBXBuildFile; fileRef = BE6B62A02980DBFF00654BC2 /* ConversationsController.swift */; };
		BE714A91298AFF18004C4185 /* TweetCell.swift in Sources */ = {isa = PBXBuildFile; fileRef = BE714A90298AFF18004C4185 /* TweetCell.swift */; };
		BE714A93298B3152004C4185 /* TweetViewModel.swift in Sources */ = {isa = PBXBuildFile; fileRef = BE714A92298B3152004C4185 /* TweetViewModel.swift */; };
		BE714A95298B5618004C4185 /* ProfileController.swift in Sources */ = {isa = PBXBuildFile; fileRef = BE714A94298B5618004C4185 /* ProfileController.swift */; };
		BE714A97298B7070004C4185 /* ProfileHeader.swift in Sources */ = {isa = PBXBuildFile; fileRef = BE714A96298B7070004C4185 /* ProfileHeader.swift */; };
		BE73491B299D48E9006FFD1A /* NotificationCell.swift in Sources */ = {isa = PBXBuildFile; fileRef = BE73491A299D48E9006FFD1A /* NotificationCell.swift */; };
		BE73491D299D6924006FFD1A /* NotificationViewModel.swift in Sources */ = {isa = PBXBuildFile; fileRef = BE73491C299D6924006FFD1A /* NotificationViewModel.swift */; };
		BE750D962984E4D500163796 /* AuthService.swift in Sources */ = {isa = PBXBuildFile; fileRef = BE750D952984E4D500163796 /* AuthService.swift */; };
		BE7AAF702988BC55000DEDC0 /* UploadTweetController.swift in Sources */ = {isa = PBXBuildFile; fileRef = BE7AAF6F2988BC55000DEDC0 /* UploadTweetController.swift */; };
		BE8CAB2E2993104A00F3DA70 /* UserCell.swift in Sources */ = {isa = PBXBuildFile; fileRef = BE8CAB2D2993104A00F3DA70 /* UserCell.swift */; };
		BE901F5229859EC500026803 /* UserService.swift in Sources */ = {isa = PBXBuildFile; fileRef = BE901F5129859EC500026803 /* UserService.swift */; };
		BE901F542986ED7200026803 /* User.swift in Sources */ = {isa = PBXBuildFile; fileRef = BE901F532986ED7200026803 /* User.swift */; };
		BE901F572987138B00026803 /* SDWebImage in Frameworks */ = {isa = PBXBuildFile; productRef = BE901F562987138B00026803 /* SDWebImage */; };
		BE901F592987138B00026803 /* SDWebImageMapKit in Frameworks */ = {isa = PBXBuildFile; productRef = BE901F582987138B00026803 /* SDWebImageMapKit */; };
		BE96F77E29973AA70002D7E2 /* UploadTweetViewModel.swift in Sources */ = {isa = PBXBuildFile; fileRef = BE96F77D29973AA70002D7E2 /* UploadTweetViewModel.swift */; };
		BEA0C70D2991A6910099B220 /* ProfileHeaderViewModel.swift in Sources */ = {isa = PBXBuildFile; fileRef = BEA0C70C2991A6910099B220 /* ProfileHeaderViewModel.swift */; };
		BEA715D02981DC01001676A8 /* Extensions.swift in Sources */ = {isa = PBXBuildFile; fileRef = BEA715CF2981DC01001676A8 /* Extensions.swift */; };
		BEA715D32981EE8F001676A8 /* LoginController.swift in Sources */ = {isa = PBXBuildFile; fileRef = BEA715D22981EE8F001676A8 /* LoginController.swift */; };
		BEA715D52981EF9E001676A8 /* RegistrationController.swift in Sources */ = {isa = PBXBuildFile; fileRef = BEA715D42981EF9E001676A8 /* RegistrationController.swift */; };
		BEA715D7298200DF001676A8 /* Utilities.swift in Sources */ = {isa = PBXBuildFile; fileRef = BEA715D6298200DF001676A8 /* Utilities.swift */; };
		BEA7C2C5299C7FCE0041706C /* Notification.swift in Sources */ = {isa = PBXBuildFile; fileRef = BEA7C2C4299C7FCE0041706C /* Notification.swift */; };
		BEA7C2C7299C85A40041706C /* NotificationService.swift in Sources */ = {isa = PBXBuildFile; fileRef = BEA7C2C6299C85A40041706C /* NotificationService.swift */; };
		BEC2CBDA299838F000308965 /* ActionSheetLauncher.swift in Sources */ = {isa = PBXBuildFile; fileRef = BEC2CBD9299838F000308965 /* ActionSheetLauncher.swift */; };
		BEC2CBDC299864BC00308965 /* ActionSheetCell.swift in Sources */ = {isa = PBXBuildFile; fileRef = BEC2CBDB299864BC00308965 /* ActionSheetCell.swift */; };
		BEC2CBDE29999B9400308965 /* ActionSheetViewModel.swift in Sources */ = {isa = PBXBuildFile; fileRef = BEC2CBDD29999B9400308965 /* ActionSheetViewModel.swift */; };
		BECC35A72983883D00140465 /* GoogleService-Info.plist in Resources */ = {isa = PBXBuildFile; fileRef = BECC35A62983883D00140465 /* GoogleService-Info.plist */; };
		BECC35AA29838C6300140465 /* FirebaseAuth in Frameworks */ = {isa = PBXBuildFile; productRef = BECC35A929838C6300140465 /* FirebaseAuth */; };
		BECC35AC29838C6300140465 /* FirebaseAuthCombine-Community in Frameworks */ = {isa = PBXBuildFile; productRef = BECC35AB29838C6300140465 /* FirebaseAuthCombine-Community */; };
		BECC35AE29838C6300140465 /* FirebaseDatabase in Frameworks */ = {isa = PBXBuildFile; productRef = BECC35AD29838C6300140465 /* FirebaseDatabase */; };
		BECC35B029838C6300140465 /* FirebaseDatabaseSwift in Frameworks */ = {isa = PBXBuildFile; productRef = BECC35AF29838C6300140465 /* FirebaseDatabaseSwift */; };
		BECC35B229838C6300140465 /* FirebaseFirestore in Frameworks */ = {isa = PBXBuildFile; productRef = BECC35B129838C6300140465 /* FirebaseFirestore */; };
		BECC35B429838C6300140465 /* FirebaseFirestoreCombine-Community in Frameworks */ = {isa = PBXBuildFile; productRef = BECC35B329838C6300140465 /* FirebaseFirestoreCombine-Community */; };
		BECC35B629838C6300140465 /* FirebaseFirestoreSwift in Frameworks */ = {isa = PBXBuildFile; productRef = BECC35B529838C6300140465 /* FirebaseFirestoreSwift */; };
		BECC35B829838C6300140465 /* FirebaseStorage in Frameworks */ = {isa = PBXBuildFile; productRef = BECC35B729838C6300140465 /* FirebaseStorage */; };
		BECC35BA29838C6300140465 /* FirebaseStorageCombine-Community in Frameworks */ = {isa = PBXBuildFile; productRef = BECC35B929838C6300140465 /* FirebaseStorageCombine-Community */; };
		BECC35BC2983A6D500140465 /* Constants.swift in Sources */ = {isa = PBXBuildFile; fileRef = BECC35BB2983A6D500140465 /* Constants.swift */; };
		BEE599D4297F9F7800518557 /* AppDelegate.swift in Sources */ = {isa = PBXBuildFile; fileRef = BEE599D3297F9F7800518557 /* AppDelegate.swift */; };
		BEE599D6297F9F7800518557 /* SceneDelegate.swift in Sources */ = {isa = PBXBuildFile; fileRef = BEE599D5297F9F7800518557 /* SceneDelegate.swift */; };
		BEE599DD297F9F7C00518557 /* Assets.xcassets in Resources */ = {isa = PBXBuildFile; fileRef = BEE599DC297F9F7C00518557 /* Assets.xcassets */; };
		BEE599E0297F9F7C00518557 /* LaunchScreen.storyboard in Resources */ = {isa = PBXBuildFile; fileRef = BEE599DE297F9F7C00518557 /* LaunchScreen.storyboard */; };
		BEE599F4297FA47B00518557 /* MainTabController.swift in Sources */ = {isa = PBXBuildFile; fileRef = BEE599F3297FA47B00518557 /* MainTabController.swift */; };
/* End PBXBuildFile section */

/* Begin PBXFileReference section */
		BE12EF5F2994848D00B37938 /* TweetController.swift */ = {isa = PBXFileReference; lastKnownFileType = sourcecode.swift; path = TweetController.swift; sourceTree = "<group>"; };
		BE12EF612994A0D500B37938 /* TweetHeader.swift */ = {isa = PBXFileReference; lastKnownFileType = sourcecode.swift; path = TweetHeader.swift; sourceTree = "<group>"; };
		BE28C66029A6C1B100252AB3 /* EditProfileController.swift */ = {isa = PBXFileReference; lastKnownFileType = sourcecode.swift; path = EditProfileController.swift; sourceTree = "<group>"; };
		BE28C66329A738F500252AB3 /* EditProfileHeader.swift */ = {isa = PBXFileReference; lastKnownFileType = sourcecode.swift; path = EditProfileHeader.swift; sourceTree = "<group>"; };
		BE295511298D99CD00BE8BF0 /* ProfileFilterView.swift */ = {isa = PBXFileReference; lastKnownFileType = sourcecode.swift; path = ProfileFilterView.swift; sourceTree = "<group>"; };
		BE295513298DD31A00BE8BF0 /* ProfileFilterCell.swift */ = {isa = PBXFileReference; lastKnownFileType = sourcecode.swift; path = ProfileFilterCell.swift; sourceTree = "<group>"; };
		BE446EDC298A11B900276981 /* CaptionTextView.swift */ = {isa = PBXFileReference; lastKnownFileType = sourcecode.swift; path = CaptionTextView.swift; sourceTree = "<group>"; };
		BE446EDE298A205400276981 /* TweetService.swift */ = {isa = PBXFileReference; lastKnownFileType = sourcecode.swift; path = TweetService.swift; sourceTree = "<group>"; };
		BE446EE0298A2A4700276981 /* Tweet.swift */ = {isa = PBXFileReference; lastKnownFileType = sourcecode.swift; path = Tweet.swift; sourceTree = "<group>"; };
		BE6B629A2980DAAE00654BC2 /* FeedController.swift */ = {isa = PBXFileReference; lastKnownFileType = sourcecode.swift; path = FeedController.swift; sourceTree = "<group>"; };
		BE6B629C2980DB2B00654BC2 /* ExploreController.swift */ = {isa = PBXFileReference; lastKnownFileType = sourcecode.swift; path = ExploreController.swift; sourceTree = "<group>"; };
		BE6B629E2980DBB500654BC2 /* NotificationsController.swift */ = {isa = PBXFileReference; lastKnownFileType = sourcecode.swift; path = NotificationsController.swift; sourceTree = "<group>"; };
		BE6B62A02980DBFF00654BC2 /* ConversationsController.swift */ = {isa = PBXFileReference; lastKnownFileType = sourcecode.swift; path = ConversationsController.swift; sourceTree = "<group>"; };
		BE714A90298AFF18004C4185 /* TweetCell.swift */ = {isa = PBXFileReference; lastKnownFileType = sourcecode.swift; path = TweetCell.swift; sourceTree = "<group>"; };
		BE714A92298B3152004C4185 /* TweetViewModel.swift */ = {isa = PBXFileReference; lastKnownFileType = sourcecode.swift; path = TweetViewModel.swift; sourceTree = "<group>"; };
		BE714A94298B5618004C4185 /* ProfileController.swift */ = {isa = PBXFileReference; lastKnownFileType = sourcecode.swift; path = ProfileController.swift; sourceTree = "<group>"; };
		BE714A96298B7070004C4185 /* ProfileHeader.swift */ = {isa = PBXFileReference; lastKnownFileType = sourcecode.swift; path = ProfileHeader.swift; sourceTree = "<group>"; };
		BE73491A299D48E9006FFD1A /* NotificationCell.swift */ = {isa = PBXFileReference; lastKnownFileType = sourcecode.swift; path = NotificationCell.swift; sourceTree = "<group>"; };
		BE73491C299D6924006FFD1A /* NotificationViewModel.swift */ = {isa = PBXFileReference; lastKnownFileType = sourcecode.swift; path = NotificationViewModel.swift; sourceTree = "<group>"; };
		BE750D952984E4D500163796 /* AuthService.swift */ = {isa = PBXFileReference; lastKnownFileType = sourcecode.swift; path = AuthService.swift; sourceTree = "<group>"; };
		BE7AAF6F2988BC55000DEDC0 /* UploadTweetController.swift */ = {isa = PBXFileReference; lastKnownFileType = sourcecode.swift; path = UploadTweetController.swift; sourceTree = "<group>"; };
		BE8CAB2D2993104A00F3DA70 /* UserCell.swift */ = {isa = PBXFileReference; lastKnownFileType = sourcecode.swift; path = UserCell.swift; sourceTree = "<group>"; };
		BE901F5129859EC500026803 /* UserService.swift */ = {isa = PBXFileReference; lastKnownFileType = sourcecode.swift; path = UserService.swift; sourceTree = "<group>"; };
		BE901F532986ED7200026803 /* User.swift */ = {isa = PBXFileReference; lastKnownFileType = sourcecode.swift; path = User.swift; sourceTree = "<group>"; };
		BE96F77D29973AA70002D7E2 /* UploadTweetViewModel.swift */ = {isa = PBXFileReference; lastKnownFileType = sourcecode.swift; path = UploadTweetViewModel.swift; sourceTree = "<group>"; };
		BEA0C70C2991A6910099B220 /* ProfileHeaderViewModel.swift */ = {isa = PBXFileReference; lastKnownFileType = sourcecode.swift; path = ProfileHeaderViewModel.swift; sourceTree = "<group>"; };
		BEA715CF2981DC01001676A8 /* Extensions.swift */ = {isa = PBXFileReference; lastKnownFileType = sourcecode.swift; path = Extensions.swift; sourceTree = "<group>"; };
		BEA715D22981EE8F001676A8 /* LoginController.swift */ = {isa = PBXFileReference; lastKnownFileType = sourcecode.swift; path = LoginController.swift; sourceTree = "<group>"; };
		BEA715D42981EF9E001676A8 /* RegistrationController.swift */ = {isa = PBXFileReference; lastKnownFileType = sourcecode.swift; path = RegistrationController.swift; sourceTree = "<group>"; };
		BEA715D6298200DF001676A8 /* Utilities.swift */ = {isa = PBXFileReference; lastKnownFileType = sourcecode.swift; path = Utilities.swift; sourceTree = "<group>"; };
		BEA7C2C4299C7FCE0041706C /* Notification.swift */ = {isa = PBXFileReference; lastKnownFileType = sourcecode.swift; path = Notification.swift; sourceTree = "<group>"; };
		BEA7C2C6299C85A40041706C /* NotificationService.swift */ = {isa = PBXFileReference; lastKnownFileType = sourcecode.swift; path = NotificationService.swift; sourceTree = "<group>"; };
		BEC2CBD9299838F000308965 /* ActionSheetLauncher.swift */ = {isa = PBXFileReference; lastKnownFileType = sourcecode.swift; path = ActionSheetLauncher.swift; sourceTree = "<group>"; };
		BEC2CBDB299864BC00308965 /* ActionSheetCell.swift */ = {isa = PBXFileReference; lastKnownFileType = sourcecode.swift; path = ActionSheetCell.swift; sourceTree = "<group>"; };
		BEC2CBDD29999B9400308965 /* ActionSheetViewModel.swift */ = {isa = PBXFileReference; lastKnownFileType = sourcecode.swift; path = ActionSheetViewModel.swift; sourceTree = "<group>"; };
		BECC35A62983883D00140465 /* GoogleService-Info.plist */ = {isa = PBXFileReference; fileEncoding = 4; lastKnownFileType = text.plist.xml; path = "GoogleService-Info.plist"; sourceTree = "<group>"; };
		BECC35BB2983A6D500140465 /* Constants.swift */ = {isa = PBXFileReference; lastKnownFileType = sourcecode.swift; path = Constants.swift; sourceTree = "<group>"; };
		BEE599D0297F9F7800518557 /* TwitterTutorial.app */ = {isa = PBXFileReference; explicitFileType = wrapper.application; includeInIndex = 0; path = TwitterTutorial.app; sourceTree = BUILT_PRODUCTS_DIR; };
		BEE599D3297F9F7800518557 /* AppDelegate.swift */ = {isa = PBXFileReference; lastKnownFileType = sourcecode.swift; path = AppDelegate.swift; sourceTree = "<group>"; };
		BEE599D5297F9F7800518557 /* SceneDelegate.swift */ = {isa = PBXFileReference; lastKnownFileType = sourcecode.swift; path = SceneDelegate.swift; sourceTree = "<group>"; };
		BEE599DC297F9F7C00518557 /* Assets.xcassets */ = {isa = PBXFileReference; lastKnownFileType = folder.assetcatalog; path = Assets.xcassets; sourceTree = "<group>"; };
		BEE599DF297F9F7C00518557 /* Base */ = {isa = PBXFileReference; lastKnownFileType = file.storyboard; name = Base; path = Base.lproj/LaunchScreen.storyboard; sourceTree = "<group>"; };
		BEE599E1297F9F7C00518557 /* Info.plist */ = {isa = PBXFileReference; lastKnownFileType = text.plist.xml; path = Info.plist; sourceTree = "<group>"; };
		BEE599F3297FA47B00518557 /* MainTabController.swift */ = {isa = PBXFileReference; lastKnownFileType = sourcecode.swift; path = MainTabController.swift; sourceTree = "<group>"; };
/* End PBXFileReference section */

/* Begin PBXFrameworksBuildPhase section */
		BEE599CD297F9F7800518557 /* Frameworks */ = {
			isa = PBXFrameworksBuildPhase;
			buildActionMask = 2147483647;
			files = (
				BECC35B029838C6300140465 /* FirebaseDatabaseSwift in Frameworks */,
				BECC35AE29838C6300140465 /* FirebaseDatabase in Frameworks */,
				BECC35AA29838C6300140465 /* FirebaseAuth in Frameworks */,
				BECC35B629838C6300140465 /* FirebaseFirestoreSwift in Frameworks */,
				BE901F572987138B00026803 /* SDWebImage in Frameworks */,
				BECC35B429838C6300140465 /* FirebaseFirestoreCombine-Community in Frameworks */,
				BECC35B829838C6300140465 /* FirebaseStorage in Frameworks */,
				BE901F592987138B00026803 /* SDWebImageMapKit in Frameworks */,
				BECC35B229838C6300140465 /* FirebaseFirestore in Frameworks */,
				BECC35BA29838C6300140465 /* FirebaseStorageCombine-Community in Frameworks */,
				BECC35AC29838C6300140465 /* FirebaseAuthCombine-Community in Frameworks */,
			);
			runOnlyForDeploymentPostprocessing = 0;
		};
/* End PBXFrameworksBuildPhase section */

/* Begin PBXGroup section */
		BE28C66229A7347400252AB3 /* Profile */ = {
			isa = PBXGroup;
			children = (
				BE714A96298B7070004C4185 /* ProfileHeader.swift */,
				BE295513298DD31A00BE8BF0 /* ProfileFilterCell.swift */,
				BE295511298D99CD00BE8BF0 /* ProfileFilterView.swift */,
				BE28C66329A738F500252AB3 /* EditProfileHeader.swift */,
			);
			path = Profile;
			sourceTree = "<group>";
		};
		BEA715D12981EE79001676A8 /* Authentication */ = {
			isa = PBXGroup;
			children = (
				BEA715D22981EE8F001676A8 /* LoginController.swift */,
				BEA715D42981EF9E001676A8 /* RegistrationController.swift */,
			);
			path = Authentication;
			sourceTree = "<group>";
		};
		BEE599C7297F9F7800518557 = {
			isa = PBXGroup;
			children = (
				BEE599D2297F9F7800518557 /* TwitterTutorial */,
				BEE599D1297F9F7800518557 /* Products */,
			);
			sourceTree = "<group>";
		};
		BEE599D1297F9F7800518557 /* Products */ = {
			isa = PBXGroup;
			children = (
				BEE599D0297F9F7800518557 /* TwitterTutorial.app */,
			);
			name = Products;
			sourceTree = "<group>";
		};
		BEE599D2297F9F7800518557 /* TwitterTutorial */ = {
			isa = PBXGroup;
			children = (
				BEE599F2297FA21600518557 /* Model */,
				BEE599F1297FA21200518557 /* View */,
				BEE599F0297FA20E00518557 /* ViewModel */,
				BEE599EF297FA20A00518557 /* Controller */,
				BEE599EE297FA20700518557 /* API */,
				BEE599ED297FA20400518557 /* Utils */,
				BEE599D3297F9F7800518557 /* AppDelegate.swift */,
				BEE599D5297F9F7800518557 /* SceneDelegate.swift */,
				BEE599DC297F9F7C00518557 /* Assets.xcassets */,
				BEE599DE297F9F7C00518557 /* LaunchScreen.storyboard */,
				BEE599E1297F9F7C00518557 /* Info.plist */,
				BECC35A62983883D00140465 /* GoogleService-Info.plist */,
			);
			path = TwitterTutorial;
			sourceTree = "<group>";
		};
		BEE599ED297FA20400518557 /* Utils */ = {
			isa = PBXGroup;
			children = (
				BEA715CF2981DC01001676A8 /* Extensions.swift */,
				BEA715D6298200DF001676A8 /* Utilities.swift */,
				BECC35BB2983A6D500140465 /* Constants.swift */,
				BEC2CBD9299838F000308965 /* ActionSheetLauncher.swift */,
			);
			path = Utils;
			sourceTree = "<group>";
		};
		BEE599EE297FA20700518557 /* API */ = {
			isa = PBXGroup;
			children = (
				BE750D952984E4D500163796 /* AuthService.swift */,
				BE901F5129859EC500026803 /* UserService.swift */,
				BE446EDE298A205400276981 /* TweetService.swift */,
				BEA7C2C6299C85A40041706C /* NotificationService.swift */,
			);
			path = API;
			sourceTree = "<group>";
		};
		BEE599EF297FA20A00518557 /* Controller */ = {
			isa = PBXGroup;
			children = (
				BEA715D12981EE79001676A8 /* Authentication */,
				BEE599F3297FA47B00518557 /* MainTabController.swift */,
				BE6B629A2980DAAE00654BC2 /* FeedController.swift */,
				BE6B629C2980DB2B00654BC2 /* ExploreController.swift */,
				BE6B629E2980DBB500654BC2 /* NotificationsController.swift */,
				BE6B62A02980DBFF00654BC2 /* ConversationsController.swift */,
				BE7AAF6F2988BC55000DEDC0 /* UploadTweetController.swift */,
				BE714A94298B5618004C4185 /* ProfileController.swift */,
				BE12EF5F2994848D00B37938 /* TweetController.swift */,
				BE28C66029A6C1B100252AB3 /* EditProfileController.swift */,
			);
			path = Controller;
			sourceTree = "<group>";
		};
		BEE599F0297FA20E00518557 /* ViewModel */ = {
			isa = PBXGroup;
			children = (
				BE714A92298B3152004C4185 /* TweetViewModel.swift */,
				BEA0C70C2991A6910099B220 /* ProfileHeaderViewModel.swift */,
				BE96F77D29973AA70002D7E2 /* UploadTweetViewModel.swift */,
				BEC2CBDD29999B9400308965 /* ActionSheetViewModel.swift */,
				BE73491C299D6924006FFD1A /* NotificationViewModel.swift */,
			);
			path = ViewModel;
			sourceTree = "<group>";
		};
		BEE599F1297FA21200518557 /* View */ = {
			isa = PBXGroup;
			children = (
				BE28C66229A7347400252AB3 /* Profile */,
				BE446EDC298A11B900276981 /* CaptionTextView.swift */,
				BE714A90298AFF18004C4185 /* TweetCell.swift */,
				BE8CAB2D2993104A00F3DA70 /* UserCell.swift */,
				BE12EF612994A0D500B37938 /* TweetHeader.swift */,
				BEC2CBDB299864BC00308965 /* ActionSheetCell.swift */,
				BE73491A299D48E9006FFD1A /* NotificationCell.swift */,
			);
			path = View;
			sourceTree = "<group>";
		};
		BEE599F2297FA21600518557 /* Model */ = {
			isa = PBXGroup;
			children = (
				BE901F532986ED7200026803 /* User.swift */,
				BE446EE0298A2A4700276981 /* Tweet.swift */,
				BEA7C2C4299C7FCE0041706C /* Notification.swift */,
			);
			path = Model;
			sourceTree = "<group>";
		};
/* End PBXGroup section */

/* Begin PBXNativeTarget section */
		BEE599CF297F9F7800518557 /* TwitterTutorial */ = {
			isa = PBXNativeTarget;
			buildConfigurationList = BEE599E4297F9F7C00518557 /* Build configuration list for PBXNativeTarget "TwitterTutorial" */;
			buildPhases = (
				BEE599CC297F9F7800518557 /* Sources */,
				BEE599CD297F9F7800518557 /* Frameworks */,
				BEE599CE297F9F7800518557 /* Resources */,
			);
			buildRules = (
			);
			dependencies = (
			);
			name = TwitterTutorial;
			packageProductDependencies = (
				BECC35A929838C6300140465 /* FirebaseAuth */,
				BECC35AB29838C6300140465 /* FirebaseAuthCombine-Community */,
				BECC35AD29838C6300140465 /* FirebaseDatabase */,
				BECC35AF29838C6300140465 /* FirebaseDatabaseSwift */,
				BECC35B129838C6300140465 /* FirebaseFirestore */,
				BECC35B329838C6300140465 /* FirebaseFirestoreCombine-Community */,
				BECC35B529838C6300140465 /* FirebaseFirestoreSwift */,
				BECC35B729838C6300140465 /* FirebaseStorage */,
				BECC35B929838C6300140465 /* FirebaseStorageCombine-Community */,
				BE901F562987138B00026803 /* SDWebImage */,
				BE901F582987138B00026803 /* SDWebImageMapKit */,
			);
			productName = TwitterTutorial;
			productReference = BEE599D0297F9F7800518557 /* TwitterTutorial.app */;
			productType = "com.apple.product-type.application";
		};
/* End PBXNativeTarget section */

/* Begin PBXProject section */
		BEE599C8297F9F7800518557 /* Project object */ = {
			isa = PBXProject;
			attributes = {
				BuildIndependentTargetsInParallel = 1;
				LastSwiftUpdateCheck = 1420;
				LastUpgradeCheck = 1420;
				TargetAttributes = {
					BEE599CF297F9F7800518557 = {
						CreatedOnToolsVersion = 14.2;
					};
				};
			};
			buildConfigurationList = BEE599CB297F9F7800518557 /* Build configuration list for PBXProject "TwitterTutorial" */;
			compatibilityVersion = "Xcode 14.0";
			developmentRegion = en;
			hasScannedForEncodings = 0;
			knownRegions = (
				en,
				Base,
			);
			mainGroup = BEE599C7297F9F7800518557;
			packageReferences = (
				BECC35A829838C6300140465 /* XCRemoteSwiftPackageReference "firebase-ios-sdk" */,
				BE901F552987138B00026803 /* XCRemoteSwiftPackageReference "SDWebImage" */,
			);
			productRefGroup = BEE599D1297F9F7800518557 /* Products */;
			projectDirPath = "";
			projectRoot = "";
			targets = (
				BEE599CF297F9F7800518557 /* TwitterTutorial */,
			);
		};
/* End PBXProject section */

/* Begin PBXResourcesBuildPhase section */
		BEE599CE297F9F7800518557 /* Resources */ = {
			isa = PBXResourcesBuildPhase;
			buildActionMask = 2147483647;
			files = (
				BEE599E0297F9F7C00518557 /* LaunchScreen.storyboard in Resources */,
				BECC35A72983883D00140465 /* GoogleService-Info.plist in Resources */,
				BEE599DD297F9F7C00518557 /* Assets.xcassets in Resources */,
			);
			runOnlyForDeploymentPostprocessing = 0;
		};
/* End PBXResourcesBuildPhase section */

/* Begin PBXSourcesBuildPhase section */
		BEE599CC297F9F7800518557 /* Sources */ = {
			isa = PBXSourcesBuildPhase;
			buildActionMask = 2147483647;
			files = (
				BE901F5229859EC500026803 /* UserService.swift in Sources */,
				BE6B629F2980DBB500654BC2 /* NotificationsController.swift in Sources */,
				BE446EDD298A11B900276981 /* CaptionTextView.swift in Sources */,
				BE295514298DD31A00BE8BF0 /* ProfileFilterCell.swift in Sources */,
				BE6B62A12980DBFF00654BC2 /* ConversationsController.swift in Sources */,
				BE8CAB2E2993104A00F3DA70 /* UserCell.swift in Sources */,
				BEA715D7298200DF001676A8 /* Utilities.swift in Sources */,
				BE28C66129A6C1B100252AB3 /* EditProfileController.swift in Sources */,
				BEC2CBDC299864BC00308965 /* ActionSheetCell.swift in Sources */,
				BEE599D4297F9F7800518557 /* AppDelegate.swift in Sources */,
				BE73491D299D6924006FFD1A /* NotificationViewModel.swift in Sources */,
				BEA715D02981DC01001676A8 /* Extensions.swift in Sources */,
				BE12EF602994848D00B37938 /* TweetController.swift in Sources */,
				BE714A95298B5618004C4185 /* ProfileController.swift in Sources */,
				BE96F77E29973AA70002D7E2 /* UploadTweetViewModel.swift in Sources */,
				BE714A97298B7070004C4185 /* ProfileHeader.swift in Sources */,
				BE714A91298AFF18004C4185 /* TweetCell.swift in Sources */,
				BE6B629D2980DB2B00654BC2 /* ExploreController.swift in Sources */,
				BEA7C2C5299C7FCE0041706C /* Notification.swift in Sources */,
				BE750D962984E4D500163796 /* AuthService.swift in Sources */,
				BEA0C70D2991A6910099B220 /* ProfileHeaderViewModel.swift in Sources */,
				BE7AAF702988BC55000DEDC0 /* UploadTweetController.swift in Sources */,
				BE901F542986ED7200026803 /* User.swift in Sources */,
				BE28C66429A738F500252AB3 /* EditProfileHeader.swift in Sources */,
				BEE599D6297F9F7800518557 /* SceneDelegate.swift in Sources */,
				BEE599F4297FA47B00518557 /* MainTabController.swift in Sources */,
				BEA7C2C7299C85A40041706C /* NotificationService.swift in Sources */,
				BEA715D32981EE8F001676A8 /* LoginController.swift in Sources */,
				BE12EF622994A0D500B37938 /* TweetHeader.swift in Sources */,
				BE714A93298B3152004C4185 /* TweetViewModel.swift in Sources */,
				BEC2CBDE29999B9400308965 /* ActionSheetViewModel.swift in Sources */,
				BE73491B299D48E9006FFD1A /* NotificationCell.swift in Sources */,
				BEA715D52981EF9E001676A8 /* RegistrationController.swift in Sources */,
				BE6B629B2980DAAE00654BC2 /* FeedController.swift in Sources */,
				BE295512298D99CD00BE8BF0 /* ProfileFilterView.swift in Sources */,
				BECC35BC2983A6D500140465 /* Constants.swift in Sources */,
				BEC2CBDA299838F000308965 /* ActionSheetLauncher.swift in Sources */,
				BE446EE1298A2A4700276981 /* Tweet.swift in Sources */,
				BE446EDF298A205400276981 /* TweetService.swift in Sources */,
			);
			runOnlyForDeploymentPostprocessing = 0;
		};
/* End PBXSourcesBuildPhase section */

/* Begin PBXVariantGroup section */
		BEE599DE297F9F7C00518557 /* LaunchScreen.storyboard */ = {
			isa = PBXVariantGroup;
			children = (
				BEE599DF297F9F7C00518557 /* Base */,
			);
			name = LaunchScreen.storyboard;
			sourceTree = "<group>";
		};
/* End PBXVariantGroup section */

/* Begin XCBuildConfiguration section */
		BEE599E2297F9F7C00518557 /* Debug */ = {
			isa = XCBuildConfiguration;
			buildSettings = {
				ALWAYS_SEARCH_USER_PATHS = NO;
				CLANG_ANALYZER_NONNULL = YES;
				CLANG_ANALYZER_NUMBER_OBJECT_CONVERSION = YES_AGGRESSIVE;
				CLANG_CXX_LANGUAGE_STANDARD = "gnu++20";
				CLANG_ENABLE_MODULES = YES;
				CLANG_ENABLE_OBJC_ARC = YES;
				CLANG_ENABLE_OBJC_WEAK = YES;
				CLANG_WARN_BLOCK_CAPTURE_AUTORELEASING = YES;
				CLANG_WARN_BOOL_CONVERSION = YES;
				CLANG_WARN_COMMA = YES;
				CLANG_WARN_CONSTANT_CONVERSION = YES;
				CLANG_WARN_DEPRECATED_OBJC_IMPLEMENTATIONS = YES;
				CLANG_WARN_DIRECT_OBJC_ISA_USAGE = YES_ERROR;
				CLANG_WARN_DOCUMENTATION_COMMENTS = YES;
				CLANG_WARN_EMPTY_BODY = YES;
				CLANG_WARN_ENUM_CONVERSION = YES;
				CLANG_WARN_INFINITE_RECURSION = YES;
				CLANG_WARN_INT_CONVERSION = YES;
				CLANG_WARN_NON_LITERAL_NULL_CONVERSION = YES;
				CLANG_WARN_OBJC_IMPLICIT_RETAIN_SELF = YES;
				CLANG_WARN_OBJC_LITERAL_CONVERSION = YES;
				CLANG_WARN_OBJC_ROOT_CLASS = YES_ERROR;
				CLANG_WARN_QUOTED_INCLUDE_IN_FRAMEWORK_HEADER = YES;
				CLANG_WARN_RANGE_LOOP_ANALYSIS = YES;
				CLANG_WARN_STRICT_PROTOTYPES = YES;
				CLANG_WARN_SUSPICIOUS_MOVE = YES;
				CLANG_WARN_UNGUARDED_AVAILABILITY = YES_AGGRESSIVE;
				CLANG_WARN_UNREACHABLE_CODE = YES;
				CLANG_WARN__DUPLICATE_METHOD_MATCH = YES;
				COPY_PHASE_STRIP = NO;
				DEBUG_INFORMATION_FORMAT = dwarf;
				ENABLE_STRICT_OBJC_MSGSEND = YES;
				ENABLE_TESTABILITY = YES;
				GCC_C_LANGUAGE_STANDARD = gnu11;
				GCC_DYNAMIC_NO_PIC = NO;
				GCC_NO_COMMON_BLOCKS = YES;
				GCC_OPTIMIZATION_LEVEL = 0;
				GCC_PREPROCESSOR_DEFINITIONS = (
					"DEBUG=1",
					"$(inherited)",
				);
				GCC_WARN_64_TO_32_BIT_CONVERSION = YES;
				GCC_WARN_ABOUT_RETURN_TYPE = YES_ERROR;
				GCC_WARN_UNDECLARED_SELECTOR = YES;
				GCC_WARN_UNINITIALIZED_AUTOS = YES_AGGRESSIVE;
				GCC_WARN_UNUSED_FUNCTION = YES;
				GCC_WARN_UNUSED_VARIABLE = YES;
				IPHONEOS_DEPLOYMENT_TARGET = 16.2;
				MTL_ENABLE_DEBUG_INFO = INCLUDE_SOURCE;
				MTL_FAST_MATH = YES;
				ONLY_ACTIVE_ARCH = YES;
				SDKROOT = iphoneos;
				SWIFT_ACTIVE_COMPILATION_CONDITIONS = DEBUG;
				SWIFT_OPTIMIZATION_LEVEL = "-Onone";
			};
			name = Debug;
		};
		BEE599E3297F9F7C00518557 /* Release */ = {
			isa = XCBuildConfiguration;
			buildSettings = {
				ALWAYS_SEARCH_USER_PATHS = NO;
				CLANG_ANALYZER_NONNULL = YES;
				CLANG_ANALYZER_NUMBER_OBJECT_CONVERSION = YES_AGGRESSIVE;
				CLANG_CXX_LANGUAGE_STANDARD = "gnu++20";
				CLANG_ENABLE_MODULES = YES;
				CLANG_ENABLE_OBJC_ARC = YES;
				CLANG_ENABLE_OBJC_WEAK = YES;
				CLANG_WARN_BLOCK_CAPTURE_AUTORELEASING = YES;
				CLANG_WARN_BOOL_CONVERSION = YES;
				CLANG_WARN_COMMA = YES;
				CLANG_WARN_CONSTANT_CONVERSION = YES;
				CLANG_WARN_DEPRECATED_OBJC_IMPLEMENTATIONS = YES;
				CLANG_WARN_DIRECT_OBJC_ISA_USAGE = YES_ERROR;
				CLANG_WARN_DOCUMENTATION_COMMENTS = YES;
				CLANG_WARN_EMPTY_BODY = YES;
				CLANG_WARN_ENUM_CONVERSION = YES;
				CLANG_WARN_INFINITE_RECURSION = YES;
				CLANG_WARN_INT_CONVERSION = YES;
				CLANG_WARN_NON_LITERAL_NULL_CONVERSION = YES;
				CLANG_WARN_OBJC_IMPLICIT_RETAIN_SELF = YES;
				CLANG_WARN_OBJC_LITERAL_CONVERSION = YES;
				CLANG_WARN_OBJC_ROOT_CLASS = YES_ERROR;
				CLANG_WARN_QUOTED_INCLUDE_IN_FRAMEWORK_HEADER = YES;
				CLANG_WARN_RANGE_LOOP_ANALYSIS = YES;
				CLANG_WARN_STRICT_PROTOTYPES = YES;
				CLANG_WARN_SUSPICIOUS_MOVE = YES;
				CLANG_WARN_UNGUARDED_AVAILABILITY = YES_AGGRESSIVE;
				CLANG_WARN_UNREACHABLE_CODE = YES;
				CLANG_WARN__DUPLICATE_METHOD_MATCH = YES;
				COPY_PHASE_STRIP = NO;
				DEBUG_INFORMATION_FORMAT = "dwarf-with-dsym";
				ENABLE_NS_ASSERTIONS = NO;
				ENABLE_STRICT_OBJC_MSGSEND = YES;
				GCC_C_LANGUAGE_STANDARD = gnu11;
				GCC_NO_COMMON_BLOCKS = YES;
				GCC_WARN_64_TO_32_BIT_CONVERSION = YES;
				GCC_WARN_ABOUT_RETURN_TYPE = YES_ERROR;
				GCC_WARN_UNDECLARED_SELECTOR = YES;
				GCC_WARN_UNINITIALIZED_AUTOS = YES_AGGRESSIVE;
				GCC_WARN_UNUSED_FUNCTION = YES;
				GCC_WARN_UNUSED_VARIABLE = YES;
				IPHONEOS_DEPLOYMENT_TARGET = 16.2;
				MTL_ENABLE_DEBUG_INFO = NO;
				MTL_FAST_MATH = YES;
				SDKROOT = iphoneos;
				SWIFT_COMPILATION_MODE = wholemodule;
				SWIFT_OPTIMIZATION_LEVEL = "-O";
				VALIDATE_PRODUCT = YES;
			};
			name = Release;
		};
		BEE599E5297F9F7C00518557 /* Debug */ = {
			isa = XCBuildConfiguration;
			buildSettings = {
				ASSETCATALOG_COMPILER_APPICON_NAME = AppIcon;
				ASSETCATALOG_COMPILER_GLOBAL_ACCENT_COLOR_NAME = AccentColor;
				CODE_SIGN_STYLE = Automatic;
				CURRENT_PROJECT_VERSION = 1;
				DEVELOPMENT_TEAM = 324Y82FCZ3;
				GENERATE_INFOPLIST_FILE = YES;
				INFOPLIST_FILE = TwitterTutorial/Info.plist;
				INFOPLIST_KEY_UIApplicationSupportsIndirectInputEvents = YES;
				INFOPLIST_KEY_UILaunchStoryboardName = LaunchScreen;
				INFOPLIST_KEY_UISupportedInterfaceOrientations_iPad = "UIInterfaceOrientationPortrait UIInterfaceOrientationPortraitUpsideDown UIInterfaceOrientationLandscapeLeft UIInterfaceOrientationLandscapeRight";
				INFOPLIST_KEY_UISupportedInterfaceOrientations_iPhone = "UIInterfaceOrientationPortrait UIInterfaceOrientationLandscapeLeft UIInterfaceOrientationLandscapeRight";
				LD_RUNPATH_SEARCH_PATHS = (
					"$(inherited)",
					"@executable_path/Frameworks",
				);
				MARKETING_VERSION = 1.0;
				PRODUCT_BUNDLE_IDENTIFIER = com.josegarcia.TwitterTutorial;
				PRODUCT_NAME = "$(TARGET_NAME)";
				SWIFT_EMIT_LOC_STRINGS = YES;
				SWIFT_VERSION = 5.0;
				TARGETED_DEVICE_FAMILY = "1,2";
			};
			name = Debug;
		};
		BEE599E6297F9F7C00518557 /* Release */ = {
			isa = XCBuildConfiguration;
			buildSettings = {
				ASSETCATALOG_COMPILER_APPICON_NAME = AppIcon;
				ASSETCATALOG_COMPILER_GLOBAL_ACCENT_COLOR_NAME = AccentColor;
				CODE_SIGN_STYLE = Automatic;
				CURRENT_PROJECT_VERSION = 1;
				DEVELOPMENT_TEAM = 324Y82FCZ3;
				GENERATE_INFOPLIST_FILE = YES;
				INFOPLIST_FILE = TwitterTutorial/Info.plist;
				INFOPLIST_KEY_UIApplicationSupportsIndirectInputEvents = YES;
				INFOPLIST_KEY_UILaunchStoryboardName = LaunchScreen;
				INFOPLIST_KEY_UISupportedInterfaceOrientations_iPad = "UIInterfaceOrientationPortrait UIInterfaceOrientationPortraitUpsideDown UIInterfaceOrientationLandscapeLeft UIInterfaceOrientationLandscapeRight";
				INFOPLIST_KEY_UISupportedInterfaceOrientations_iPhone = "UIInterfaceOrientationPortrait UIInterfaceOrientationLandscapeLeft UIInterfaceOrientationLandscapeRight";
				LD_RUNPATH_SEARCH_PATHS = (
					"$(inherited)",
					"@executable_path/Frameworks",
				);
				MARKETING_VERSION = 1.0;
				PRODUCT_BUNDLE_IDENTIFIER = com.josegarcia.TwitterTutorial;
				PRODUCT_NAME = "$(TARGET_NAME)";
				SWIFT_EMIT_LOC_STRINGS = YES;
				SWIFT_VERSION = 5.0;
				TARGETED_DEVICE_FAMILY = "1,2";
			};
			name = Release;
		};
/* End XCBuildConfiguration section */

/* Begin XCConfigurationList section */
		BEE599CB297F9F7800518557 /* Build configuration list for PBXProject "TwitterTutorial" */ = {
			isa = XCConfigurationList;
			buildConfigurations = (
				BEE599E2297F9F7C00518557 /* Debug */,
				BEE599E3297F9F7C00518557 /* Release */,
			);
			defaultConfigurationIsVisible = 0;
			defaultConfigurationName = Release;
		};
		BEE599E4297F9F7C00518557 /* Build configuration list for PBXNativeTarget "TwitterTutorial" */ = {
			isa = XCConfigurationList;
			buildConfigurations = (
				BEE599E5297F9F7C00518557 /* Debug */,
				BEE599E6297F9F7C00518557 /* Release */,
			);
			defaultConfigurationIsVisible = 0;
			defaultConfigurationName = Release;
		};
/* End XCConfigurationList section */

/* Begin XCRemoteSwiftPackageReference section */
		BE901F552987138B00026803 /* XCRemoteSwiftPackageReference "SDWebImage" */ = {
			isa = XCRemoteSwiftPackageReference;
			repositoryURL = "https://github.com/SDWebImage/SDWebImage.git";
			requirement = {
				branch = master;
				kind = branch;
			};
		};
		BECC35A829838C6300140465 /* XCRemoteSwiftPackageReference "firebase-ios-sdk" */ = {
			isa = XCRemoteSwiftPackageReference;
			repositoryURL = "https://github.com/firebase/firebase-ios-sdk";
			requirement = {
				kind = upToNextMinorVersion;
				minimumVersion = 9.6.0;
			};
		};
/* End XCRemoteSwiftPackageReference section */

/* Begin XCSwiftPackageProductDependency section */
		BE901F562987138B00026803 /* SDWebImage */ = {
			isa = XCSwiftPackageProductDependency;
			package = BE901F552987138B00026803 /* XCRemoteSwiftPackageReference "SDWebImage" */;
			productName = SDWebImage;
		};
		BE901F582987138B00026803 /* SDWebImageMapKit */ = {
			isa = XCSwiftPackageProductDependency;
			package = BE901F552987138B00026803 /* XCRemoteSwiftPackageReference "SDWebImage" */;
			productName = SDWebImageMapKit;
		};
		BECC35A929838C6300140465 /* FirebaseAuth */ = {
			isa = XCSwiftPackageProductDependency;
			package = BECC35A829838C6300140465 /* XCRemoteSwiftPackageReference "firebase-ios-sdk" */;
			productName = FirebaseAuth;
		};
		BECC35AB29838C6300140465 /* FirebaseAuthCombine-Community */ = {
			isa = XCSwiftPackageProductDependency;
			package = BECC35A829838C6300140465 /* XCRemoteSwiftPackageReference "firebase-ios-sdk" */;
			productName = "FirebaseAuthCombine-Community";
		};
		BECC35AD29838C6300140465 /* FirebaseDatabase */ = {
			isa = XCSwiftPackageProductDependency;
			package = BECC35A829838C6300140465 /* XCRemoteSwiftPackageReference "firebase-ios-sdk" */;
			productName = FirebaseDatabase;
		};
		BECC35AF29838C6300140465 /* FirebaseDatabaseSwift */ = {
			isa = XCSwiftPackageProductDependency;
			package = BECC35A829838C6300140465 /* XCRemoteSwiftPackageReference "firebase-ios-sdk" */;
			productName = FirebaseDatabaseSwift;
		};
		BECC35B129838C6300140465 /* FirebaseFirestore */ = {
			isa = XCSwiftPackageProductDependency;
			package = BECC35A829838C6300140465 /* XCRemoteSwiftPackageReference "firebase-ios-sdk" */;
			productName = FirebaseFirestore;
		};
		BECC35B329838C6300140465 /* FirebaseFirestoreCombine-Community */ = {
			isa = XCSwiftPackageProductDependency;
			package = BECC35A829838C6300140465 /* XCRemoteSwiftPackageReference "firebase-ios-sdk" */;
			productName = "FirebaseFirestoreCombine-Community";
		};
		BECC35B529838C6300140465 /* FirebaseFirestoreSwift */ = {
			isa = XCSwiftPackageProductDependency;
			package = BECC35A829838C6300140465 /* XCRemoteSwiftPackageReference "firebase-ios-sdk" */;
			productName = FirebaseFirestoreSwift;
		};
		BECC35B729838C6300140465 /* FirebaseStorage */ = {
			isa = XCSwiftPackageProductDependency;
			package = BECC35A829838C6300140465 /* XCRemoteSwiftPackageReference "firebase-ios-sdk" */;
			productName = FirebaseStorage;
		};
		BECC35B929838C6300140465 /* FirebaseStorageCombine-Community */ = {
			isa = XCSwiftPackageProductDependency;
			package = BECC35A829838C6300140465 /* XCRemoteSwiftPackageReference "firebase-ios-sdk" */;
			productName = "FirebaseStorageCombine-Community";
		};
/* End XCSwiftPackageProductDependency section */
	};
	rootObject = BEE599C8297F9F7800518557 /* Project object */;
}
